
Microsoft Visual Studio Solution File, Format Version 12.00
# Visual Studio Version 17
VisualStudioVersion = 17.2.32516.85
MinimumVisualStudioVersion = 10.0.40219.1
Project("{F184B08F-C81C-45F6-A57F-5ABD9991F28F}") = "Martin-Contact-Tracing-Viewer", "Martin-Contact-Tracing-Viewer\Martin-Contact-Tracing-Viewer.vbproj", "{1712D460-1A91-4701-BBAC-757C8794898B}"
EndProject
Global
	GlobalSection(SolutionConfigurationPlatforms) = preSolution
		Debug|Any CPU = Debug|Any CPU
		Release|Any CPU = Release|Any CPU
	EndGlobalSection
	GlobalSection(ProjectConfigurationPlatforms) = postSolution
		{1712D460-1A91-4701-BBAC-757C8794898B}.Debug|Any CPU.ActiveCfg = Debug|Any CPU
		{1712D460-1A91-4701-BBAC-757C8794898B}.Debug|Any CPU.Build.0 = Debug|Any CPU
		{1712D460-1A91-4701-BBAC-757C8794898B}.Release|Any CPU.ActiveCfg = Release|Any CPU
		{1712D460-1A91-4701-BBAC-757C8794898B}.Release|Any CPU.Build.0 = Release|Any CPU
	EndGlobalSection
	GlobalSection(SolutionProperties) = preSolution
		HideSolutionNode = FALSE
	EndGlobalSection
	GlobalSection(ExtensibilityGlobals) = postSolution
		SolutionGuid = {585BB68B-64DB-44A3-A288-0A0E405B1C0E}
	EndGlobalSection
EndGlobal
